// !$*UTF8*$!
{
	archiveVersion = 1;
	classes = {
	};
	objectVersion = 50;
	objects = {

/* Begin PBXBuildFile section */
		659449C126A6A20800E6A85D /* AppDelegate.m in Sources */ = {isa = PBXBuildFile; fileRef = 659449C026A6A20800E6A85D /* AppDelegate.m */; };
		659449C426A6A20800E6A85D /* SceneDelegate.m in Sources */ = {isa = PBXBuildFile; fileRef = 659449C326A6A20800E6A85D /* SceneDelegate.m */; };
		659449C726A6A20800E6A85D /* ViewController.m in Sources */ = {isa = PBXBuildFile; fileRef = 659449C626A6A20800E6A85D /* ViewController.m */; };
		659449CA26A6A20800E6A85D /* Main.storyboard in Resources */ = {isa = PBXBuildFile; fileRef = 659449C826A6A20800E6A85D /* Main.storyboard */; };
		659449CC26A6A20B00E6A85D /* Assets.xcassets in Resources */ = {isa = PBXBuildFile; fileRef = 659449CB26A6A20B00E6A85D /* Assets.xcassets */; };
		659449CF26A6A20B00E6A85D /* LaunchScreen.storyboard in Resources */ = {isa = PBXBuildFile; fileRef = 659449CD26A6A20B00E6A85D /* LaunchScreen.storyboard */; };
		659449D226A6A20B00E6A85D /* main.m in Sources */ = {isa = PBXBuildFile; fileRef = 659449D126A6A20B00E6A85D /* main.m */; };
		659449DC26A6A20B00E6A85D /* DFBaseSpaceTests.m in Sources */ = {isa = PBXBuildFile; fileRef = 659449DB26A6A20B00E6A85D /* DFBaseSpaceTests.m */; };
		659449E726A6A20B00E6A85D /* DFBaseSpaceUITests.m in Sources */ = {isa = PBXBuildFile; fileRef = 659449E626A6A20B00E6A85D /* DFBaseSpaceUITests.m */; };
		65944A3F26A6A38000E6A85D /* UICollectionView+DFReload.m in Sources */ = {isa = PBXBuildFile; fileRef = 65944A0726A6A37F00E6A85D /* UICollectionView+DFReload.m */; };
		65944A4026A6A38000E6A85D /* UILabel+CrashType.m in Sources */ = {isa = PBXBuildFile; fileRef = 65944A0A26A6A37F00E6A85D /* UILabel+CrashType.m */; };
		65944A4126A6A38000E6A85D /* NSString+DFEmpty.m in Sources */ = {isa = PBXBuildFile; fileRef = 65944A0C26A6A37F00E6A85D /* NSString+DFEmpty.m */; };
		65944A4326A6A38000E6A85D /* UIButton+CrashTpye.m in Sources */ = {isa = PBXBuildFile; fileRef = 65944A0F26A6A38000E6A85D /* UIButton+CrashTpye.m */; };
		65944A4526A6A38000E6A85D /* UICollectionViewHTagsLayout.m in Sources */ = {isa = PBXBuildFile; fileRef = 65944A1526A6A38000E6A85D /* UICollectionViewHTagsLayout.m */; };
		65944A4626A6A38000E6A85D /* UICollectionViewVTagsLayout.m in Sources */ = {isa = PBXBuildFile; fileRef = 65944A1826A6A38000E6A85D /* UICollectionViewVTagsLayout.m */; };
		65944A4726A6A38000E6A85D /* UIColor+DF.m in Sources */ = {isa = PBXBuildFile; fileRef = 65944A1A26A6A38000E6A85D /* UIColor+DF.m */; };
		65944A4926A6A38000E6A85D /* DFBaseViewController.m in Sources */ = {isa = PBXBuildFile; fileRef = 65944A1E26A6A38000E6A85D /* DFBaseViewController.m */; };
		65944A4A26A6A38000E6A85D /* DFBaseButton.m in Sources */ = {isa = PBXBuildFile; fileRef = 65944A2026A6A38000E6A85D /* DFBaseButton.m */; };
		65944A4B26A6A38000E6A85D /* DFBaseTableViewCell.m in Sources */ = {isa = PBXBuildFile; fileRef = 65944A2226A6A38000E6A85D /* DFBaseTableViewCell.m */; };
		65944A4C26A6A38000E6A85D /* DFBaseModel.m in Sources */ = {isa = PBXBuildFile; fileRef = 65944A2326A6A38000E6A85D /* DFBaseModel.m */; };
		65944A4D26A6A38000E6A85D /* DFImgAndLableView.m in Sources */ = {isa = PBXBuildFile; fileRef = 65944A2426A6A38000E6A85D /* DFImgAndLableView.m */; };
		65944A4E26A6A38000E6A85D /* DFBaseScrollView.m in Sources */ = {isa = PBXBuildFile; fileRef = 65944A2526A6A38000E6A85D /* DFBaseScrollView.m */; };
		65944A5026A6A38000E6A85D /* DFBaseCollectionViewCell.m in Sources */ = {isa = PBXBuildFile; fileRef = 65944A2726A6A38000E6A85D /* DFBaseCollectionViewCell.m */; };
		65944A5126A6A38000E6A85D /* BgGradientLayer.m in Sources */ = {isa = PBXBuildFile; fileRef = 65944A2926A6A38000E6A85D /* BgGradientLayer.m */; };
		65944A5226A6A38000E6A85D /* DFBaseLabel.m in Sources */ = {isa = PBXBuildFile; fileRef = 65944A2C26A6A38000E6A85D /* DFBaseLabel.m */; };
		65944A5326A6A38000E6A85D /* DFBaseView.m in Sources */ = {isa = PBXBuildFile; fileRef = 65944A3326A6A38000E6A85D /* DFBaseView.m */; };
		65944A5426A6A38000E6A85D /* DFBaseImageView.m in Sources */ = {isa = PBXBuildFile; fileRef = 65944A3426A6A38000E6A85D /* DFBaseImageView.m */; };
		65944A5526A6A38000E6A85D /* DFBaseTableView.m in Sources */ = {isa = PBXBuildFile; fileRef = 65944A3626A6A38000E6A85D /* DFBaseTableView.m */; };
		65944A5626A6A38000E6A85D /* DFTool.m in Sources */ = {isa = PBXBuildFile; fileRef = 65944A3826A6A38000E6A85D /* DFTool.m */; };
		65944A5726A6A38000E6A85D /* DFNetWorkGroupHelper.m in Sources */ = {isa = PBXBuildFile; fileRef = 65944A3926A6A38000E6A85D /* DFNetWorkGroupHelper.m */; };
		70037546B1C4EF4B21FF6042 /* libPods-DFBaseSpace.a in Frameworks */ = {isa = PBXBuildFile; fileRef = DCBCE94D76BF5A41CA80F922 /* libPods-DFBaseSpace.a */; };
/* End PBXBuildFile section */

/* Begin PBXContainerItemProxy section */
		659449D826A6A20B00E6A85D /* PBXContainerItemProxy */ = {
			isa = PBXContainerItemProxy;
			containerPortal = 659449B426A6A20800E6A85D /* Project object */;
			proxyType = 1;
			remoteGlobalIDString = 659449BB26A6A20800E6A85D;
			remoteInfo = DFBaseSpace;
		};
		659449E326A6A20B00E6A85D /* PBXContainerItemProxy */ = {
			isa = PBXContainerItemProxy;
			containerPortal = 659449B426A6A20800E6A85D /* Project object */;
			proxyType = 1;
			remoteGlobalIDString = 659449BB26A6A20800E6A85D;
			remoteInfo = DFBaseSpace;
		};
/* End PBXContainerItemProxy section */

/* Begin PBXFileReference section */
		258F81AD70608AD35D0934E0 /* Pods-DFBaseSpace.release.xcconfig */ = {isa = PBXFileReference; includeInIndex = 1; lastKnownFileType = text.xcconfig; name = "Pods-DFBaseSpace.release.xcconfig"; path = "Target Support Files/Pods-DFBaseSpace/Pods-DFBaseSpace.release.xcconfig"; sourceTree = "<group>"; };
		659449BC26A6A20800E6A85D /* DFBaseSpace.app */ = {isa = PBXFileReference; explicitFileType = wrapper.application; includeInIndex = 0; path = DFBaseSpace.app; sourceTree = BUILT_PRODUCTS_DIR; };
		659449BF26A6A20800E6A85D /* AppDelegate.h */ = {isa = PBXFileReference; lastKnownFileType = sourcecode.c.h; path = AppDelegate.h; sourceTree = "<group>"; };
		659449C026A6A20800E6A85D /* AppDelegate.m */ = {isa = PBXFileReference; lastKnownFileType = sourcecode.c.objc; path = AppDelegate.m; sourceTree = "<group>"; };
		659449C226A6A20800E6A85D /* SceneDelegate.h */ = {isa = PBXFileReference; lastKnownFileType = sourcecode.c.h; path = SceneDelegate.h; sourceTree = "<group>"; };
		659449C326A6A20800E6A85D /* SceneDelegate.m */ = {isa = PBXFileReference; lastKnownFileType = sourcecode.c.objc; path = SceneDelegate.m; sourceTree = "<group>"; };
		659449C526A6A20800E6A85D /* ViewController.h */ = {isa = PBXFileReference; lastKnownFileType = sourcecode.c.h; path = ViewController.h; sourceTree = "<group>"; };
		659449C626A6A20800E6A85D /* ViewController.m */ = {isa = PBXFileReference; lastKnownFileType = sourcecode.c.objc; path = ViewController.m; sourceTree = "<group>"; };
		659449C926A6A20800E6A85D /* Base */ = {isa = PBXFileReference; lastKnownFileType = file.storyboard; name = Base; path = Base.lproj/Main.storyboard; sourceTree = "<group>"; };
		659449CB26A6A20B00E6A85D /* Assets.xcassets */ = {isa = PBXFileReference; lastKnownFileType = folder.assetcatalog; path = Assets.xcassets; sourceTree = "<group>"; };
		659449CE26A6A20B00E6A85D /* Base */ = {isa = PBXFileReference; lastKnownFileType = file.storyboard; name = Base; path = Base.lproj/LaunchScreen.storyboard; sourceTree = "<group>"; };
		659449D026A6A20B00E6A85D /* Info.plist */ = {isa = PBXFileReference; lastKnownFileType = text.plist.xml; path = Info.plist; sourceTree = "<group>"; };
		659449D126A6A20B00E6A85D /* main.m */ = {isa = PBXFileReference; lastKnownFileType = sourcecode.c.objc; path = main.m; sourceTree = "<group>"; };
		659449D726A6A20B00E6A85D /* DFBaseSpaceTests.xctest */ = {isa = PBXFileReference; explicitFileType = wrapper.cfbundle; includeInIndex = 0; path = DFBaseSpaceTests.xctest; sourceTree = BUILT_PRODUCTS_DIR; };
		659449DB26A6A20B00E6A85D /* DFBaseSpaceTests.m */ = {isa = PBXFileReference; lastKnownFileType = sourcecode.c.objc; path = DFBaseSpaceTests.m; sourceTree = "<group>"; };
		659449DD26A6A20B00E6A85D /* Info.plist */ = {isa = PBXFileReference; lastKnownFileType = text.plist.xml; path = Info.plist; sourceTree = "<group>"; };
		659449E226A6A20B00E6A85D /* DFBaseSpaceUITests.xctest */ = {isa = PBXFileReference; explicitFileType = wrapper.cfbundle; includeInIndex = 0; path = DFBaseSpaceUITests.xctest; sourceTree = BUILT_PRODUCTS_DIR; };
		659449E626A6A20B00E6A85D /* DFBaseSpaceUITests.m */ = {isa = PBXFileReference; lastKnownFileType = sourcecode.c.objc; path = DFBaseSpaceUITests.m; sourceTree = "<group>"; };
		659449E826A6A20B00E6A85D /* Info.plist */ = {isa = PBXFileReference; lastKnownFileType = text.plist.xml; path = Info.plist; sourceTree = "<group>"; };
		659449FB26A6A2D100E6A85D /* AppSysDefineMacro.h */ = {isa = PBXFileReference; lastKnownFileType = sourcecode.c.h; path = AppSysDefineMacro.h; sourceTree = "<group>"; };
		659449FF26A6A37F00E6A85D /* DFBaseViewController.h */ = {isa = PBXFileReference; fileEncoding = 4; lastKnownFileType = sourcecode.c.h; path = DFBaseViewController.h; sourceTree = "<group>"; };
		65944A0126A6A37F00E6A85D /* NSString+DFEmpty.h */ = {isa = PBXFileReference; fileEncoding = 4; lastKnownFileType = sourcecode.c.h; path = "NSString+DFEmpty.h"; sourceTree = "<group>"; };
		65944A0726A6A37F00E6A85D /* UICollectionView+DFReload.m */ = {isa = PBXFileReference; fileEncoding = 4; lastKnownFileType = sourcecode.c.objc; path = "UICollectionView+DFReload.m"; sourceTree = "<group>"; };
		65944A0A26A6A37F00E6A85D /* UILabel+CrashType.m */ = {isa = PBXFileReference; fileEncoding = 4; lastKnownFileType = sourcecode.c.objc; path = "UILabel+CrashType.m"; sourceTree = "<group>"; };
		65944A0B26A6A37F00E6A85D /* UIButton+CrashTpye.h */ = {isa = PBXFileReference; fileEncoding = 4; lastKnownFileType = sourcecode.c.h; path = "UIButton+CrashTpye.h"; sourceTree = "<group>"; };
		65944A0C26A6A37F00E6A85D /* NSString+DFEmpty.m */ = {isa = PBXFileReference; fileEncoding = 4; lastKnownFileType = sourcecode.c.objc; path = "NSString+DFEmpty.m"; sourceTree = "<group>"; };
		65944A0D26A6A38000E6A85D /* UICollectionView+DFReload.h */ = {isa = PBXFileReference; fileEncoding = 4; lastKnownFileType = sourcecode.c.h; path = "UICollectionView+DFReload.h"; sourceTree = "<group>"; };
		65944A0F26A6A38000E6A85D /* UIButton+CrashTpye.m */ = {isa = PBXFileReference; fileEncoding = 4; lastKnownFileType = sourcecode.c.objc; path = "UIButton+CrashTpye.m"; sourceTree = "<group>"; };
		65944A1026A6A38000E6A85D /* UILabel+CrashType.h */ = {isa = PBXFileReference; fileEncoding = 4; lastKnownFileType = sourcecode.c.h; path = "UILabel+CrashType.h"; sourceTree = "<group>"; };
		65944A1226A6A38000E6A85D /* DFTool.h */ = {isa = PBXFileReference; fileEncoding = 4; lastKnownFileType = sourcecode.c.h; path = DFTool.h; sourceTree = "<group>"; };
		65944A1526A6A38000E6A85D /* UICollectionViewHTagsLayout.m */ = {isa = PBXFileReference; fileEncoding = 4; lastKnownFileType = sourcecode.c.objc; path = UICollectionViewHTagsLayout.m; sourceTree = "<group>"; };
		65944A1626A6A38000E6A85D /* UICollectionViewVTagsLayout.h */ = {isa = PBXFileReference; fileEncoding = 4; lastKnownFileType = sourcecode.c.h; path = UICollectionViewVTagsLayout.h; sourceTree = "<group>"; };
		65944A1726A6A38000E6A85D /* UICollectionViewHTagsLayout.h */ = {isa = PBXFileReference; fileEncoding = 4; lastKnownFileType = sourcecode.c.h; path = UICollectionViewHTagsLayout.h; sourceTree = "<group>"; };
		65944A1826A6A38000E6A85D /* UICollectionViewVTagsLayout.m */ = {isa = PBXFileReference; fileEncoding = 4; lastKnownFileType = sourcecode.c.objc; path = UICollectionViewVTagsLayout.m; sourceTree = "<group>"; };
		65944A1A26A6A38000E6A85D /* UIColor+DF.m */ = {isa = PBXFileReference; fileEncoding = 4; lastKnownFileType = sourcecode.c.objc; path = "UIColor+DF.m"; sourceTree = "<group>"; };
		65944A1C26A6A38000E6A85D /* DFNetWorkGroupHelper.h */ = {isa = PBXFileReference; fileEncoding = 4; lastKnownFileType = sourcecode.c.h; path = DFNetWorkGroupHelper.h; sourceTree = "<group>"; };
		65944A1E26A6A38000E6A85D /* DFBaseViewController.m */ = {isa = PBXFileReference; fileEncoding = 4; lastKnownFileType = sourcecode.c.objc; path = DFBaseViewController.m; sourceTree = "<group>"; };
		65944A2026A6A38000E6A85D /* DFBaseButton.m */ = {isa = PBXFileReference; fileEncoding = 4; lastKnownFileType = sourcecode.c.objc; path = DFBaseButton.m; sourceTree = "<group>"; };
		65944A2126A6A38000E6A85D /* DFBaseLabel.h */ = {isa = PBXFileReference; fileEncoding = 4; lastKnownFileType = sourcecode.c.h; path = DFBaseLabel.h; sourceTree = "<group>"; };
		65944A2226A6A38000E6A85D /* DFBaseTableViewCell.m */ = {isa = PBXFileReference; fileEncoding = 4; lastKnownFileType = sourcecode.c.objc; path = DFBaseTableViewCell.m; sourceTree = "<group>"; };
		65944A2326A6A38000E6A85D /* DFBaseModel.m */ = {isa = PBXFileReference; fileEncoding = 4; lastKnownFileType = sourcecode.c.objc; path = DFBaseModel.m; sourceTree = "<group>"; };
		65944A2426A6A38000E6A85D /* DFImgAndLableView.m */ = {isa = PBXFileReference; fileEncoding = 4; lastKnownFileType = sourcecode.c.objc; path = DFImgAndLableView.m; sourceTree = "<group>"; };
		65944A2526A6A38000E6A85D /* DFBaseScrollView.m */ = {isa = PBXFileReference; fileEncoding = 4; lastKnownFileType = sourcecode.c.objc; path = DFBaseScrollView.m; sourceTree = "<group>"; };
		65944A2726A6A38000E6A85D /* DFBaseCollectionViewCell.m */ = {isa = PBXFileReference; fileEncoding = 4; lastKnownFileType = sourcecode.c.objc; path = DFBaseCollectionViewCell.m; sourceTree = "<group>"; };
		65944A2826A6A38000E6A85D /* DFBaseTableView.h */ = {isa = PBXFileReference; fileEncoding = 4; lastKnownFileType = sourcecode.c.h; path = DFBaseTableView.h; sourceTree = "<group>"; };
		65944A2926A6A38000E6A85D /* BgGradientLayer.m */ = {isa = PBXFileReference; fileEncoding = 4; lastKnownFileType = sourcecode.c.objc; path = BgGradientLayer.m; sourceTree = "<group>"; };
		65944A2A26A6A38000E6A85D /* DFBaseImageView.h */ = {isa = PBXFileReference; fileEncoding = 4; lastKnownFileType = sourcecode.c.h; path = DFBaseImageView.h; sourceTree = "<group>"; };
		65944A2B26A6A38000E6A85D /* DFBaseView.h */ = {isa = PBXFileReference; fileEncoding = 4; lastKnownFileType = sourcecode.c.h; path = DFBaseView.h; sourceTree = "<group>"; };
		65944A2C26A6A38000E6A85D /* DFBaseLabel.m */ = {isa = PBXFileReference; fileEncoding = 4; lastKnownFileType = sourcecode.c.objc; path = DFBaseLabel.m; sourceTree = "<group>"; };
		65944A2D26A6A38000E6A85D /* DFBaseButton.h */ = {isa = PBXFileReference; fileEncoding = 4; lastKnownFileType = sourcecode.c.h; path = DFBaseButton.h; sourceTree = "<group>"; };
		65944A2E26A6A38000E6A85D /* DFBaseModel.h */ = {isa = PBXFileReference; fileEncoding = 4; lastKnownFileType = sourcecode.c.h; path = DFBaseModel.h; sourceTree = "<group>"; };
		65944A2F26A6A38000E6A85D /* DFBaseTableViewCell.h */ = {isa = PBXFileReference; fileEncoding = 4; lastKnownFileType = sourcecode.c.h; path = DFBaseTableViewCell.h; sourceTree = "<group>"; };
		65944A3126A6A38000E6A85D /* DFBaseScrollView.h */ = {isa = PBXFileReference; fileEncoding = 4; lastKnownFileType = sourcecode.c.h; path = DFBaseScrollView.h; sourceTree = "<group>"; };
		65944A3226A6A38000E6A85D /* DFImgAndLableView.h */ = {isa = PBXFileReference; fileEncoding = 4; lastKnownFileType = sourcecode.c.h; path = DFImgAndLableView.h; sourceTree = "<group>"; };
		65944A3326A6A38000E6A85D /* DFBaseView.m */ = {isa = PBXFileReference; fileEncoding = 4; lastKnownFileType = sourcecode.c.objc; path = DFBaseView.m; sourceTree = "<group>"; };
		65944A3426A6A38000E6A85D /* DFBaseImageView.m */ = {isa = PBXFileReference; fileEncoding = 4; lastKnownFileType = sourcecode.c.objc; path = DFBaseImageView.m; sourceTree = "<group>"; };
		65944A3526A6A38000E6A85D /* BgGradientLayer.h */ = {isa = PBXFileReference; fileEncoding = 4; lastKnownFileType = sourcecode.c.h; path = BgGradientLayer.h; sourceTree = "<group>"; };
		65944A3626A6A38000E6A85D /* DFBaseTableView.m */ = {isa = PBXFileReference; fileEncoding = 4; lastKnownFileType = sourcecode.c.objc; path = DFBaseTableView.m; sourceTree = "<group>"; };
		65944A3726A6A38000E6A85D /* DFBaseCollectionViewCell.h */ = {isa = PBXFileReference; fileEncoding = 4; lastKnownFileType = sourcecode.c.h; path = DFBaseCollectionViewCell.h; sourceTree = "<group>"; };
		65944A3826A6A38000E6A85D /* DFTool.m */ = {isa = PBXFileReference; fileEncoding = 4; lastKnownFileType = sourcecode.c.objc; path = DFTool.m; sourceTree = "<group>"; };
		65944A3926A6A38000E6A85D /* DFNetWorkGroupHelper.m */ = {isa = PBXFileReference; fileEncoding = 4; lastKnownFileType = sourcecode.c.objc; path = DFNetWorkGroupHelper.m; sourceTree = "<group>"; };
		65944A3B26A6A38000E6A85D /* UIColor+DF.h */ = {isa = PBXFileReference; fileEncoding = 4; lastKnownFileType = sourcecode.c.h; path = "UIColor+DF.h"; sourceTree = "<group>"; };
		65944A5A26A6A9B300E6A85D /* DFBaseSpaceImport.h */ = {isa = PBXFileReference; lastKnownFileType = sourcecode.c.h; path = DFBaseSpaceImport.h; sourceTree = "<group>"; };
		D4671CC01F3E0D29EC30E22B /* Pods-DFBaseSpace.debug.xcconfig */ = {isa = PBXFileReference; includeInIndex = 1; lastKnownFileType = text.xcconfig; name = "Pods-DFBaseSpace.debug.xcconfig"; path = "Target Support Files/Pods-DFBaseSpace/Pods-DFBaseSpace.debug.xcconfig"; sourceTree = "<group>"; };
		DCBCE94D76BF5A41CA80F922 /* libPods-DFBaseSpace.a */ = {isa = PBXFileReference; explicitFileType = archive.ar; includeInIndex = 0; path = "libPods-DFBaseSpace.a"; sourceTree = BUILT_PRODUCTS_DIR; };
/* End PBXFileReference section */

/* Begin PBXFrameworksBuildPhase section */
		659449B926A6A20800E6A85D /* Frameworks */ = {
			isa = PBXFrameworksBuildPhase;
			buildActionMask = 2147483647;
			files = (
				70037546B1C4EF4B21FF6042 /* libPods-DFBaseSpace.a in Frameworks */,
			);
			runOnlyForDeploymentPostprocessing = 0;
		};
		659449D426A6A20B00E6A85D /* Frameworks */ = {
			isa = PBXFrameworksBuildPhase;
			buildActionMask = 2147483647;
			files = (
			);
			runOnlyForDeploymentPostprocessing = 0;
		};
		659449DF26A6A20B00E6A85D /* Frameworks */ = {
			isa = PBXFrameworksBuildPhase;
			buildActionMask = 2147483647;
			files = (
			);
			runOnlyForDeploymentPostprocessing = 0;
		};
/* End PBXFrameworksBuildPhase section */

/* Begin PBXGroup section */
		659449B326A6A20800E6A85D = {
			isa = PBXGroup;
			children = (
				659449BE26A6A20800E6A85D /* DFBaseSpace */,
				659449DA26A6A20B00E6A85D /* DFBaseSpaceTests */,
				659449E526A6A20B00E6A85D /* DFBaseSpaceUITests */,
				659449BD26A6A20800E6A85D /* Products */,
				9C537DBFC1888A3E84DF2C64 /* Pods */,
				7B7D7069EED1F78FBD9278A1 /* Frameworks */,
			);
			sourceTree = "<group>";
		};
		659449BD26A6A20800E6A85D /* Products */ = {
			isa = PBXGroup;
			children = (
				659449BC26A6A20800E6A85D /* DFBaseSpace.app */,
				659449D726A6A20B00E6A85D /* DFBaseSpaceTests.xctest */,
				659449E226A6A20B00E6A85D /* DFBaseSpaceUITests.xctest */,
			);
			name = Products;
			sourceTree = "<group>";
		};
		659449BE26A6A20800E6A85D /* DFBaseSpace */ = {
			isa = PBXGroup;
			children = (
				659449F426A6A22400E6A85D /* DFBaseSpace */,
				659449BF26A6A20800E6A85D /* AppDelegate.h */,
				659449C026A6A20800E6A85D /* AppDelegate.m */,
				659449C226A6A20800E6A85D /* SceneDelegate.h */,
				659449C326A6A20800E6A85D /* SceneDelegate.m */,
				659449C526A6A20800E6A85D /* ViewController.h */,
				659449C626A6A20800E6A85D /* ViewController.m */,
				659449C826A6A20800E6A85D /* Main.storyboard */,
				659449CB26A6A20B00E6A85D /* Assets.xcassets */,
				659449CD26A6A20B00E6A85D /* LaunchScreen.storyboard */,
				659449D026A6A20B00E6A85D /* Info.plist */,
				659449D126A6A20B00E6A85D /* main.m */,
			);
			path = DFBaseSpace;
			sourceTree = "<group>";
		};
		659449DA26A6A20B00E6A85D /* DFBaseSpaceTests */ = {
			isa = PBXGroup;
			children = (
				659449DB26A6A20B00E6A85D /* DFBaseSpaceTests.m */,
				659449DD26A6A20B00E6A85D /* Info.plist */,
			);
			path = DFBaseSpaceTests;
			sourceTree = "<group>";
		};
		659449E526A6A20B00E6A85D /* DFBaseSpaceUITests */ = {
			isa = PBXGroup;
			children = (
				659449E626A6A20B00E6A85D /* DFBaseSpaceUITests.m */,
				659449E826A6A20B00E6A85D /* Info.plist */,
			);
			path = DFBaseSpaceUITests;
			sourceTree = "<group>";
		};
		659449F426A6A22400E6A85D /* DFBaseSpace */ = {
			isa = PBXGroup;
			children = (
				659449FD26A6A37F00E6A85D /* BaseView */,
				659449F526A6A27400E6A85D /* BaseImport */,
			);
			path = DFBaseSpace;
			sourceTree = "<group>";
		};
		659449F526A6A27400E6A85D /* BaseImport */ = {
			isa = PBXGroup;
			children = (
				659449FB26A6A2D100E6A85D /* AppSysDefineMacro.h */,
				65944A5A26A6A9B300E6A85D /* DFBaseSpaceImport.h */,
			);
			path = BaseImport;
			sourceTree = "<group>";
		};
		659449FD26A6A37F00E6A85D /* BaseView */ = {
			isa = PBXGroup;
			children = (
				65944A1F26A6A38000E6A85D /* BaseViews */,
				65944A0026A6A37F00E6A85D /* Category */,
				659449FF26A6A37F00E6A85D /* DFBaseViewController.h */,
				65944A1E26A6A38000E6A85D /* DFBaseViewController.m */,
				65944A1C26A6A38000E6A85D /* DFNetWorkGroupHelper.h */,
				65944A3926A6A38000E6A85D /* DFNetWorkGroupHelper.m */,
				65944A1226A6A38000E6A85D /* DFTool.h */,
				65944A3826A6A38000E6A85D /* DFTool.m */,
				65944A1326A6A38000E6A85D /* layout */,
				65944A3B26A6A38000E6A85D /* UIColor+DF.h */,
				65944A1A26A6A38000E6A85D /* UIColor+DF.m */,
			);
			path = BaseView;
			sourceTree = "<group>";
		};
		65944A0026A6A37F00E6A85D /* Category */ = {
			isa = PBXGroup;
			children = (
				65944A0126A6A37F00E6A85D /* NSString+DFEmpty.h */,
				65944A0C26A6A37F00E6A85D /* NSString+DFEmpty.m */,
				65944A0B26A6A37F00E6A85D /* UIButton+CrashTpye.h */,
				65944A0F26A6A38000E6A85D /* UIButton+CrashTpye.m */,
				65944A0D26A6A38000E6A85D /* UICollectionView+DFReload.h */,
				65944A0726A6A37F00E6A85D /* UICollectionView+DFReload.m */,
				65944A1026A6A38000E6A85D /* UILabel+CrashType.h */,
				65944A0A26A6A37F00E6A85D /* UILabel+CrashType.m */,
			);
			path = Category;
			sourceTree = "<group>";
		};
		65944A1326A6A38000E6A85D /* layout */ = {
			isa = PBXGroup;
			children = (
				65944A1426A6A38000E6A85D /* tag */,
			);
			path = layout;
			sourceTree = "<group>";
		};
		65944A1426A6A38000E6A85D /* tag */ = {
			isa = PBXGroup;
			children = (
				65944A1526A6A38000E6A85D /* UICollectionViewHTagsLayout.m */,
				65944A1626A6A38000E6A85D /* UICollectionViewVTagsLayout.h */,
				65944A1726A6A38000E6A85D /* UICollectionViewHTagsLayout.h */,
				65944A1826A6A38000E6A85D /* UICollectionViewVTagsLayout.m */,
			);
			path = tag;
			sourceTree = "<group>";
		};
		65944A1F26A6A38000E6A85D /* BaseViews */ = {
			isa = PBXGroup;
			children = (
				65944A3526A6A38000E6A85D /* BgGradientLayer.h */,
				65944A2926A6A38000E6A85D /* BgGradientLayer.m */,
				65944A2D26A6A38000E6A85D /* DFBaseButton.h */,
				65944A2026A6A38000E6A85D /* DFBaseButton.m */,
				65944A3726A6A38000E6A85D /* DFBaseCollectionViewCell.h */,
				65944A2726A6A38000E6A85D /* DFBaseCollectionViewCell.m */,
				65944A2A26A6A38000E6A85D /* DFBaseImageView.h */,
				65944A3426A6A38000E6A85D /* DFBaseImageView.m */,
				65944A2126A6A38000E6A85D /* DFBaseLabel.h */,
				65944A2C26A6A38000E6A85D /* DFBaseLabel.m */,
				65944A2E26A6A38000E6A85D /* DFBaseModel.h */,
				65944A2326A6A38000E6A85D /* DFBaseModel.m */,
				65944A3126A6A38000E6A85D /* DFBaseScrollView.h */,
				65944A2526A6A38000E6A85D /* DFBaseScrollView.m */,
				65944A2826A6A38000E6A85D /* DFBaseTableView.h */,
				65944A3626A6A38000E6A85D /* DFBaseTableView.m */,
				65944A2F26A6A38000E6A85D /* DFBaseTableViewCell.h */,
				65944A2226A6A38000E6A85D /* DFBaseTableViewCell.m */,
				65944A2B26A6A38000E6A85D /* DFBaseView.h */,
				65944A3326A6A38000E6A85D /* DFBaseView.m */,
				65944A3226A6A38000E6A85D /* DFImgAndLableView.h */,
				65944A2426A6A38000E6A85D /* DFImgAndLableView.m */,
			);
			path = BaseViews;
			sourceTree = "<group>";
		};
		7B7D7069EED1F78FBD9278A1 /* Frameworks */ = {
			isa = PBXGroup;
			children = (
				DCBCE94D76BF5A41CA80F922 /* libPods-DFBaseSpace.a */,
			);
			name = Frameworks;
			sourceTree = "<group>";
		};
		9C537DBFC1888A3E84DF2C64 /* Pods */ = {
			isa = PBXGroup;
			children = (
				D4671CC01F3E0D29EC30E22B /* Pods-DFBaseSpace.debug.xcconfig */,
				258F81AD70608AD35D0934E0 /* Pods-DFBaseSpace.release.xcconfig */,
			);
			path = Pods;
			sourceTree = "<group>";
		};
/* End PBXGroup section */

/* Begin PBXNativeTarget section */
		659449BB26A6A20800E6A85D /* DFBaseSpace */ = {
			isa = PBXNativeTarget;
			buildConfigurationList = 659449EB26A6A20B00E6A85D /* Build configuration list for PBXNativeTarget "DFBaseSpace" */;
			buildPhases = (
				55AD14152EB332EC433913F4 /* [CP] Check Pods Manifest.lock */,
				659449B826A6A20800E6A85D /* Sources */,
				659449B926A6A20800E6A85D /* Frameworks */,
				659449BA26A6A20800E6A85D /* Resources */,
			);
			buildRules = (
			);
			dependencies = (
			);
			name = DFBaseSpace;
			productName = DFBaseSpace;
			productReference = 659449BC26A6A20800E6A85D /* DFBaseSpace.app */;
			productType = "com.apple.product-type.application";
		};
		659449D626A6A20B00E6A85D /* DFBaseSpaceTests */ = {
			isa = PBXNativeTarget;
			buildConfigurationList = 659449EE26A6A20B00E6A85D /* Build configuration list for PBXNativeTarget "DFBaseSpaceTests" */;
			buildPhases = (
				659449D326A6A20B00E6A85D /* Sources */,
				659449D426A6A20B00E6A85D /* Frameworks */,
				659449D526A6A20B00E6A85D /* Resources */,
			);
			buildRules = (
			);
			dependencies = (
				659449D926A6A20B00E6A85D /* PBXTargetDependency */,
			);
			name = DFBaseSpaceTests;
			productName = DFBaseSpaceTests;
			productReference = 659449D726A6A20B00E6A85D /* DFBaseSpaceTests.xctest */;
			productType = "com.apple.product-type.bundle.unit-test";
		};
		659449E126A6A20B00E6A85D /* DFBaseSpaceUITests */ = {
			isa = PBXNativeTarget;
			buildConfigurationList = 659449F126A6A20B00E6A85D /* Build configuration list for PBXNativeTarget "DFBaseSpaceUITests" */;
			buildPhases = (
				659449DE26A6A20B00E6A85D /* Sources */,
				659449DF26A6A20B00E6A85D /* Frameworks */,
				659449E026A6A20B00E6A85D /* Resources */,
			);
			buildRules = (
			);
			dependencies = (
				659449E426A6A20B00E6A85D /* PBXTargetDependency */,
			);
			name = DFBaseSpaceUITests;
			productName = DFBaseSpaceUITests;
			productReference = 659449E226A6A20B00E6A85D /* DFBaseSpaceUITests.xctest */;
			productType = "com.apple.product-type.bundle.ui-testing";
		};
/* End PBXNativeTarget section */

/* Begin PBXProject section */
		659449B426A6A20800E6A85D /* Project object */ = {
			isa = PBXProject;
			attributes = {
				LastUpgradeCheck = 1250;
				TargetAttributes = {
					659449BB26A6A20800E6A85D = {
						CreatedOnToolsVersion = 12.5;
					};
					659449D626A6A20B00E6A85D = {
						CreatedOnToolsVersion = 12.5;
						TestTargetID = 659449BB26A6A20800E6A85D;
					};
					659449E126A6A20B00E6A85D = {
						CreatedOnToolsVersion = 12.5;
						TestTargetID = 659449BB26A6A20800E6A85D;
					};
				};
			};
			buildConfigurationList = 659449B726A6A20800E6A85D /* Build configuration list for PBXProject "DFBaseSpace" */;
			compatibilityVersion = "Xcode 9.3";
			developmentRegion = en;
			hasScannedForEncodings = 0;
			knownRegions = (
				en,
				Base,
			);
			mainGroup = 659449B326A6A20800E6A85D;
			productRefGroup = 659449BD26A6A20800E6A85D /* Products */;
			projectDirPath = "";
			projectRoot = "";
			targets = (
				659449BB26A6A20800E6A85D /* DFBaseSpace */,
				659449D626A6A20B00E6A85D /* DFBaseSpaceTests */,
				659449E126A6A20B00E6A85D /* DFBaseSpaceUITests */,
			);
		};
/* End PBXProject section */

/* Begin PBXResourcesBuildPhase section */
		659449BA26A6A20800E6A85D /* Resources */ = {
			isa = PBXResourcesBuildPhase;
			buildActionMask = 2147483647;
			files = (
				659449CF26A6A20B00E6A85D /* LaunchScreen.storyboard in Resources */,
				659449CC26A6A20B00E6A85D /* Assets.xcassets in Resources */,
				659449CA26A6A20800E6A85D /* Main.storyboard in Resources */,
			);
			runOnlyForDeploymentPostprocessing = 0;
		};
		659449D526A6A20B00E6A85D /* Resources */ = {
			isa = PBXResourcesBuildPhase;
			buildActionMask = 2147483647;
			files = (
			);
			runOnlyForDeploymentPostprocessing = 0;
		};
		659449E026A6A20B00E6A85D /* Resources */ = {
			isa = PBXResourcesBuildPhase;
			buildActionMask = 2147483647;
			files = (
			);
			runOnlyForDeploymentPostprocessing = 0;
		};
/* End PBXResourcesBuildPhase section */

/* Begin PBXShellScriptBuildPhase section */
		55AD14152EB332EC433913F4 /* [CP] Check Pods Manifest.lock */ = {
			isa = PBXShellScriptBuildPhase;
			buildActionMask = 2147483647;
			files = (
			);
			inputFileListPaths = (
			);
			inputPaths = (
				"${PODS_PODFILE_DIR_PATH}/Podfile.lock",
				"${PODS_ROOT}/Manifest.lock",
			);
			name = "[CP] Check Pods Manifest.lock";
			outputFileListPaths = (
			);
			outputPaths = (
				"$(DERIVED_FILE_DIR)/Pods-DFBaseSpace-checkManifestLockResult.txt",
			);
			runOnlyForDeploymentPostprocessing = 0;
			shellPath = /bin/sh;
			shellScript = "diff \"${PODS_PODFILE_DIR_PATH}/Podfile.lock\" \"${PODS_ROOT}/Manifest.lock\" > /dev/null\nif [ $? != 0 ] ; then\n    # print error to STDERR\n    echo \"error: The sandbox is not in sync with the Podfile.lock. Run 'pod install' or update your CocoaPods installation.\" >&2\n    exit 1\nfi\n# This output is used by Xcode 'outputs' to avoid re-running this script phase.\necho \"SUCCESS\" > \"${SCRIPT_OUTPUT_FILE_0}\"\n";
			showEnvVarsInLog = 0;
		};
/* End PBXShellScriptBuildPhase section */

/* Begin PBXSourcesBuildPhase section */
		659449B826A6A20800E6A85D /* Sources */ = {
			isa = PBXSourcesBuildPhase;
			buildActionMask = 2147483647;
			files = (
				659449C726A6A20800E6A85D /* ViewController.m in Sources */,
				65944A4D26A6A38000E6A85D /* DFImgAndLableView.m in Sources */,
				65944A4E26A6A38000E6A85D /* DFBaseScrollView.m in Sources */,
				659449C126A6A20800E6A85D /* AppDelegate.m in Sources */,
				65944A5326A6A38000E6A85D /* DFBaseView.m in Sources */,
				65944A4026A6A38000E6A85D /* UILabel+CrashType.m in Sources */,
				65944A5226A6A38000E6A85D /* DFBaseLabel.m in Sources */,
				65944A5526A6A38000E6A85D /* DFBaseTableView.m in Sources */,
				65944A5426A6A38000E6A85D /* DFBaseImageView.m in Sources */,
				65944A4326A6A38000E6A85D /* UIButton+CrashTpye.m in Sources */,
				65944A4626A6A38000E6A85D /* UICollectionViewVTagsLayout.m in Sources */,
				65944A5626A6A38000E6A85D /* DFTool.m in Sources */,
				659449D226A6A20B00E6A85D /* main.m in Sources */,
				65944A4926A6A38000E6A85D /* DFBaseViewController.m in Sources */,
				65944A4B26A6A38000E6A85D /* DFBaseTableViewCell.m in Sources */,
				65944A4126A6A38000E6A85D /* NSString+DFEmpty.m in Sources */,
				65944A4526A6A38000E6A85D /* UICollectionViewHTagsLayout.m in Sources */,
				65944A4726A6A38000E6A85D /* UIColor+DF.m in Sources */,
				659449C426A6A20800E6A85D /* SceneDelegate.m in Sources */,
				65944A5026A6A38000E6A85D /* DFBaseCollectionViewCell.m in Sources */,
				65944A3F26A6A38000E6A85D /* UICollectionView+DFReload.m in Sources */,
				65944A4A26A6A38000E6A85D /* DFBaseButton.m in Sources */,
				65944A5126A6A38000E6A85D /* BgGradientLayer.m in Sources */,
				65944A5726A6A38000E6A85D /* DFNetWorkGroupHelper.m in Sources */,
				65944A4C26A6A38000E6A85D /* DFBaseModel.m in Sources */,
			);
			runOnlyForDeploymentPostprocessing = 0;
		};
		659449D326A6A20B00E6A85D /* Sources */ = {
			isa = PBXSourcesBuildPhase;
			buildActionMask = 2147483647;
			files = (
				659449DC26A6A20B00E6A85D /* DFBaseSpaceTests.m in Sources */,
			);
			runOnlyForDeploymentPostprocessing = 0;
		};
		659449DE26A6A20B00E6A85D /* Sources */ = {
			isa = PBXSourcesBuildPhase;
			buildActionMask = 2147483647;
			files = (
				659449E726A6A20B00E6A85D /* DFBaseSpaceUITests.m in Sources */,
			);
			runOnlyForDeploymentPostprocessing = 0;
		};
/* End PBXSourcesBuildPhase section */

/* Begin PBXTargetDependency section */
		659449D926A6A20B00E6A85D /* PBXTargetDependency */ = {
			isa = PBXTargetDependency;
			target = 659449BB26A6A20800E6A85D /* DFBaseSpace */;
			targetProxy = 659449D826A6A20B00E6A85D /* PBXContainerItemProxy */;
		};
		659449E426A6A20B00E6A85D /* PBXTargetDependency */ = {
			isa = PBXTargetDependency;
			target = 659449BB26A6A20800E6A85D /* DFBaseSpace */;
			targetProxy = 659449E326A6A20B00E6A85D /* PBXContainerItemProxy */;
		};
/* End PBXTargetDependency section */

/* Begin PBXVariantGroup section */
		659449C826A6A20800E6A85D /* Main.storyboard */ = {
			isa = PBXVariantGroup;
			children = (
				659449C926A6A20800E6A85D /* Base */,
			);
			name = Main.storyboard;
			sourceTree = "<group>";
		};
		659449CD26A6A20B00E6A85D /* LaunchScreen.storyboard */ = {
			isa = PBXVariantGroup;
			children = (
				659449CE26A6A20B00E6A85D /* Base */,
			);
			name = LaunchScreen.storyboard;
			sourceTree = "<group>";
		};
/* End PBXVariantGroup section */

/* Begin XCBuildConfiguration section */
		659449E926A6A20B00E6A85D /* Debug */ = {
			isa = XCBuildConfiguration;
			buildSettings = {
				ALWAYS_SEARCH_USER_PATHS = NO;
				CLANG_ANALYZER_NONNULL = YES;
				CLANG_ANALYZER_NUMBER_OBJECT_CONVERSION = YES_AGGRESSIVE;
				CLANG_CXX_LANGUAGE_STANDARD = "gnu++14";
				CLANG_CXX_LIBRARY = "libc++";
				CLANG_ENABLE_MODULES = YES;
				CLANG_ENABLE_OBJC_ARC = YES;
				CLANG_ENABLE_OBJC_WEAK = YES;
				CLANG_WARN_BLOCK_CAPTURE_AUTORELEASING = YES;
				CLANG_WARN_BOOL_CONVERSION = YES;
				CLANG_WARN_COMMA = YES;
				CLANG_WARN_CONSTANT_CONVERSION = YES;
				CLANG_WARN_DEPRECATED_OBJC_IMPLEMENTATIONS = YES;
				CLANG_WARN_DIRECT_OBJC_ISA_USAGE = YES_ERROR;
				CLANG_WARN_DOCUMENTATION_COMMENTS = YES;
				CLANG_WARN_EMPTY_BODY = YES;
				CLANG_WARN_ENUM_CONVERSION = YES;
				CLANG_WARN_INFINITE_RECURSION = YES;
				CLANG_WARN_INT_CONVERSION = YES;
				CLANG_WARN_NON_LITERAL_NULL_CONVERSION = YES;
				CLANG_WARN_OBJC_IMPLICIT_RETAIN_SELF = YES;
				CLANG_WARN_OBJC_LITERAL_CONVERSION = YES;
				CLANG_WARN_OBJC_ROOT_CLASS = YES_ERROR;
				CLANG_WARN_QUOTED_INCLUDE_IN_FRAMEWORK_HEADER = YES;
				CLANG_WARN_RANGE_LOOP_ANALYSIS = YES;
				CLANG_WARN_STRICT_PROTOTYPES = YES;
				CLANG_WARN_SUSPICIOUS_MOVE = YES;
				CLANG_WARN_UNGUARDED_AVAILABILITY = YES_AGGRESSIVE;
				CLANG_WARN_UNREACHABLE_CODE = YES;
				CLANG_WARN__DUPLICATE_METHOD_MATCH = YES;
				COPY_PHASE_STRIP = NO;
				DEBUG_INFORMATION_FORMAT = dwarf;
				ENABLE_STRICT_OBJC_MSGSEND = YES;
				ENABLE_TESTABILITY = YES;
				GCC_C_LANGUAGE_STANDARD = gnu11;
				GCC_DYNAMIC_NO_PIC = NO;
				GCC_NO_COMMON_BLOCKS = YES;
				GCC_OPTIMIZATION_LEVEL = 0;
				GCC_PREPROCESSOR_DEFINITIONS = (
					"DEBUG=1",
					"$(inherited)",
				);
				GCC_WARN_64_TO_32_BIT_CONVERSION = YES;
				GCC_WARN_ABOUT_RETURN_TYPE = YES_ERROR;
				GCC_WARN_UNDECLARED_SELECTOR = YES;
				GCC_WARN_UNINITIALIZED_AUTOS = YES_AGGRESSIVE;
				GCC_WARN_UNUSED_FUNCTION = YES;
				GCC_WARN_UNUSED_VARIABLE = YES;
				IPHONEOS_DEPLOYMENT_TARGET = 14.5;
				MTL_ENABLE_DEBUG_INFO = INCLUDE_SOURCE;
				MTL_FAST_MATH = YES;
				ONLY_ACTIVE_ARCH = YES;
				SDKROOT = iphoneos;
			};
			name = Debug;
		};
		659449EA26A6A20B00E6A85D /* Release */ = {
			isa = XCBuildConfiguration;
			buildSettings = {
				ALWAYS_SEARCH_USER_PATHS = NO;
				CLANG_ANALYZER_NONNULL = YES;
				CLANG_ANALYZER_NUMBER_OBJECT_CONVERSION = YES_AGGRESSIVE;
				CLANG_CXX_LANGUAGE_STANDARD = "gnu++14";
				CLANG_CXX_LIBRARY = "libc++";
				CLANG_ENABLE_MODULES = YES;
				CLANG_ENABLE_OBJC_ARC = YES;
				CLANG_ENABLE_OBJC_WEAK = YES;
				CLANG_WARN_BLOCK_CAPTURE_AUTORELEASING = YES;
				CLANG_WARN_BOOL_CONVERSION = YES;
				CLANG_WARN_COMMA = YES;
				CLANG_WARN_CONSTANT_CONVERSION = YES;
				CLANG_WARN_DEPRECATED_OBJC_IMPLEMENTATIONS = YES;
				CLANG_WARN_DIRECT_OBJC_ISA_USAGE = YES_ERROR;
				CLANG_WARN_DOCUMENTATION_COMMENTS = YES;
				CLANG_WARN_EMPTY_BODY = YES;
				CLANG_WARN_ENUM_CONVERSION = YES;
				CLANG_WARN_INFINITE_RECURSION = YES;
				CLANG_WARN_INT_CONVERSION = YES;
				CLANG_WARN_NON_LITERAL_NULL_CONVERSION = YES;
				CLANG_WARN_OBJC_IMPLICIT_RETAIN_SELF = YES;
				CLANG_WARN_OBJC_LITERAL_CONVERSION = YES;
				CLANG_WARN_OBJC_ROOT_CLASS = YES_ERROR;
				CLANG_WARN_QUOTED_INCLUDE_IN_FRAMEWORK_HEADER = YES;
				CLANG_WARN_RANGE_LOOP_ANALYSIS = YES;
				CLANG_WARN_STRICT_PROTOTYPES = YES;
				CLANG_WARN_SUSPICIOUS_MOVE = YES;
				CLANG_WARN_UNGUARDED_AVAILABILITY = YES_AGGRESSIVE;
				CLANG_WARN_UNREACHABLE_CODE = YES;
				CLANG_WARN__DUPLICATE_METHOD_MATCH = YES;
				COPY_PHASE_STRIP = NO;
				DEBUG_INFORMATION_FORMAT = "dwarf-with-dsym";
				ENABLE_NS_ASSERTIONS = NO;
				ENABLE_STRICT_OBJC_MSGSEND = YES;
				GCC_C_LANGUAGE_STANDARD = gnu11;
				GCC_NO_COMMON_BLOCKS = YES;
				GCC_WARN_64_TO_32_BIT_CONVERSION = YES;
				GCC_WARN_ABOUT_RETURN_TYPE = YES_ERROR;
				GCC_WARN_UNDECLARED_SELECTOR = YES;
				GCC_WARN_UNINITIALIZED_AUTOS = YES_AGGRESSIVE;
				GCC_WARN_UNUSED_FUNCTION = YES;
				GCC_WARN_UNUSED_VARIABLE = YES;
				IPHONEOS_DEPLOYMENT_TARGET = 14.5;
				MTL_ENABLE_DEBUG_INFO = NO;
				MTL_FAST_MATH = YES;
				SDKROOT = iphoneos;
				VALIDATE_PRODUCT = YES;
			};
			name = Release;
		};
		659449EC26A6A20B00E6A85D /* Debug */ = {
			isa = XCBuildConfiguration;
			baseConfigurationReference = D4671CC01F3E0D29EC30E22B /* Pods-DFBaseSpace.debug.xcconfig */;
			buildSettings = {
				ASSETCATALOG_COMPILER_APPICON_NAME = AppIcon;
				ASSETCATALOG_COMPILER_GLOBAL_ACCENT_COLOR_NAME = AccentColor;
				CODE_SIGN_STYLE = Automatic;
				DEVELOPMENT_TEAM = G3Z423E898;
				INFOPLIST_FILE = DFBaseSpace/Info.plist;
				IPHONEOS_DEPLOYMENT_TARGET = 9.0;
				LD_RUNPATH_SEARCH_PATHS = (
					"$(inherited)",
					"@executable_path/Frameworks",
				);
				PRODUCT_BUNDLE_IDENTIFIER = come.df.DFBaseSpace.DFBaseSpace;
				PRODUCT_NAME = "$(TARGET_NAME)";
				TARGETED_DEVICE_FAMILY = "1,2";
			};
			name = Debug;
		};
		659449ED26A6A20B00E6A85D /* Release */ = {
			isa = XCBuildConfiguration;
			baseConfigurationReference = 258F81AD70608AD35D0934E0 /* Pods-DFBaseSpace.release.xcconfig */;
			buildSettings = {
				ASSETCATALOG_COMPILER_APPICON_NAME = AppIcon;
				ASSETCATALOG_COMPILER_GLOBAL_ACCENT_COLOR_NAME = AccentColor;
				CODE_SIGN_STYLE = Automatic;
				DEVELOPMENT_TEAM = G3Z423E898;
				INFOPLIST_FILE = DFBaseSpace/Info.plist;
				IPHONEOS_DEPLOYMENT_TARGET = 9.0;
				LD_RUNPATH_SEARCH_PATHS = (
					"$(inherited)",
					"@executable_path/Frameworks",
				);
				PRODUCT_BUNDLE_IDENTIFIER = come.df.DFBaseSpace.DFBaseSpace;
				PRODUCT_NAME = "$(TARGET_NAME)";
				TARGETED_DEVICE_FAMILY = "1,2";
			};
			name = Release;
		};
		659449EF26A6A20B00E6A85D /* Debug */ = {
			isa = XCBuildConfiguration;
			buildSettings = {
				BUNDLE_LOADER = "$(TEST_HOST)";
				CODE_SIGN_STYLE = Automatic;
				DEVELOPMENT_TEAM = G3Z423E898;
				INFOPLIST_FILE = DFBaseSpaceTests/Info.plist;
				IPHONEOS_DEPLOYMENT_TARGET = 14.5;
				LD_RUNPATH_SEARCH_PATHS = (
					"$(inherited)",
					"@executable_path/Frameworks",
					"@loader_path/Frameworks",
				);
				PRODUCT_BUNDLE_IDENTIFIER = come.df.DFBaseSpace.DFBaseSpaceTests;
				PRODUCT_NAME = "$(TARGET_NAME)";
				TARGETED_DEVICE_FAMILY = "1,2";
				TEST_HOST = "$(BUILT_PRODUCTS_DIR)/DFBaseSpace.app/DFBaseSpace";
			};
			name = Debug;
		};
		659449F026A6A20B00E6A85D /* Release */ = {
			isa = XCBuildConfiguration;
			buildSettings = {
				BUNDLE_LOADER = "$(TEST_HOST)";
				CODE_SIGN_STYLE = Automatic;
				DEVELOPMENT_TEAM = G3Z423E898;
				INFOPLIST_FILE = DFBaseSpaceTests/Info.plist;
				IPHONEOS_DEPLOYMENT_TARGET = 14.5;
				LD_RUNPATH_SEARCH_PATHS = (
					"$(inherited)",
					"@executable_path/Frameworks",
					"@loader_path/Frameworks",
				);
				PRODUCT_BUNDLE_IDENTIFIER = come.df.DFBaseSpace.DFBaseSpaceTests;
				PRODUCT_NAME = "$(TARGET_NAME)";
				TARGETED_DEVICE_FAMILY = "1,2";
				TEST_HOST = "$(BUILT_PRODUCTS_DIR)/DFBaseSpace.app/DFBaseSpace";
			};
			name = Release;
		};
		659449F226A6A20B00E6A85D /* Debug */ = {
			isa = XCBuildConfiguration;
			buildSettings = {
				CODE_SIGN_STYLE = Automatic;
				DEVELOPMENT_TEAM = G3Z423E898;
				INFOPLIST_FILE = DFBaseSpaceUITests/Info.plist;
				LD_RUNPATH_SEARCH_PATHS = (
					"$(inherited)",
					"@executable_path/Frameworks",
					"@loader_path/Frameworks",
				);
				PRODUCT_BUNDLE_IDENTIFIER = come.df.DFBaseSpace.DFBaseSpaceUITests;
				PRODUCT_NAME = "$(TARGET_NAME)";
				TARGETED_DEVICE_FAMILY = "1,2";
				TEST_TARGET_NAME = DFBaseSpace;
			};
			name = Debug;
		};
		659449F326A6A20B00E6A85D /* Release */ = {
			isa = XCBuildConfiguration;
			buildSettings = {
				CODE_SIGN_STYLE = Automatic;
				DEVELOPMENT_TEAM = G3Z423E898;
				INFOPLIST_FILE = DFBaseSpaceUITests/Info.plist;
				LD_RUNPATH_SEARCH_PATHS = (
					"$(inherited)",
					"@executable_path/Frameworks",
					"@loader_path/Frameworks",
				);
				PRODUCT_BUNDLE_IDENTIFIER = come.df.DFBaseSpace.DFBaseSpaceUITests;
				PRODUCT_NAME = "$(TARGET_NAME)";
				TARGETED_DEVICE_FAMILY = "1,2";
				TEST_TARGET_NAME = DFBaseSpace;
			};
			name = Release;
		};
/* End XCBuildConfiguration section */

/* Begin XCConfigurationList section */
		659449B726A6A20800E6A85D /* Build configuration list for PBXProject "DFBaseSpace" */ = {
			isa = XCConfigurationList;
			buildConfigurations = (
				659449E926A6A20B00E6A85D /* Debug */,
				659449EA26A6A20B00E6A85D /* Release */,
			);
			defaultConfigurationIsVisible = 0;
			defaultConfigurationName = Release;
		};
		659449EB26A6A20B00E6A85D /* Build configuration list for PBXNativeTarget "DFBaseSpace" */ = {
			isa = XCConfigurationList;
			buildConfigurations = (
				659449EC26A6A20B00E6A85D /* Debug */,
				659449ED26A6A20B00E6A85D /* Release */,
			);
			defaultConfigurationIsVisible = 0;
			defaultConfigurationName = Release;
		};
		659449EE26A6A20B00E6A85D /* Build configuration list for PBXNativeTarget "DFBaseSpaceTests" */ = {
			isa = XCConfigurationList;
			buildConfigurations = (
				659449EF26A6A20B00E6A85D /* Debug */,
				659449F026A6A20B00E6A85D /* Release */,
			);
			defaultConfigurationIsVisible = 0;
			defaultConfigurationName = Release;
		};
		659449F126A6A20B00E6A85D /* Build configuration list for PBXNativeTarget "DFBaseSpaceUITests" */ = {
			isa = XCConfigurationList;
			buildConfigurations = (
				659449F226A6A20B00E6A85D /* Debug */,
				659449F326A6A20B00E6A85D /* Release */,
			);
			defaultConfigurationIsVisible = 0;
			defaultConfigurationName = Release;
		};
/* End XCConfigurationList section */
	};
	rootObject = 659449B426A6A20800E6A85D /* Project object */;
}
